
Microsoft Visual Studio Solution File, Format Version 11.00
# Visual Studio 2010
Project("{FAE04EC0-301F-11D3-BF4B-00C04F79EFBC}") = "Informix.Domain", "Informix.Domain.csproj", "{674F6AD1-368D-4A74-AA85-BF47CE65A654}"
EndProject
Global
	GlobalSection(SolutionConfigurationPlatforms) = preSolution
		Debug|Any CPU = Debug|Any CPU
		Debug|x86 = Debug|x86
		Release|Any CPU = Release|Any CPU
		Release|x86 = Release|x86
	EndGlobalSection
	GlobalSection(ProjectConfigurationPlatforms) = postSolution
		{674F6AD1-368D-4A74-AA85-BF47CE65A654}.Debug|Any CPU.ActiveCfg = Debug|Any CPU
		{674F6AD1-368D-4A74-AA85-BF47CE65A654}.Debug|Any CPU.Build.0 = Debug|Any CPU
		{674F6AD1-368D-4A74-AA85-BF47CE65A654}.Debug|x86.ActiveCfg = Debug|x86
		{674F6AD1-368D-4A74-AA85-BF47CE65A654}.Debug|x86.Build.0 = Debug|x86
		{674F6AD1-368D-4A74-AA85-BF47CE65A654}.Release|Any CPU.ActiveCfg = Release|Any CPU
		{674F6AD1-368D-4A74-AA85-BF47CE65A654}.Release|Any CPU.Build.0 = Release|Any CPU
		{674F6AD1-368D-4A74-AA85-BF47CE65A654}.Release|x86.ActiveCfg = Release|x86
		{674F6AD1-368D-4A74-AA85-BF47CE65A654}.Release|x86.Build.0 = Release|x86
	EndGlobalSection
	GlobalSection(SolutionProperties) = preSolution
		HideSolutionNode = FALSE
	EndGlobalSection
EndGlobal
