
Microsoft Visual Studio Solution File, Format Version 11.00
# Visual Studio 2010
Project("{FAE04EC0-301F-11D3-BF4B-00C04F79EFBC}") = "XML_Negocio", "XML_Negocio\XML_Negocio.csproj", "{A054B36A-D717-44D9-9786-2EBAB6EF26CB}"
EndProject
Global
	GlobalSection(SolutionConfigurationPlatforms) = preSolution
		Debug|Any CPU = Debug|Any CPU
		Release|Any CPU = Release|Any CPU
	EndGlobalSection
	GlobalSection(ProjectConfigurationPlatforms) = postSolution
		{A054B36A-D717-44D9-9786-2EBAB6EF26CB}.Debug|Any CPU.ActiveCfg = Debug|Any CPU
		{A054B36A-D717-44D9-9786-2EBAB6EF26CB}.Debug|Any CPU.Build.0 = Debug|Any CPU
		{A054B36A-D717-44D9-9786-2EBAB6EF26CB}.Release|Any CPU.ActiveCfg = Release|Any CPU
		{A054B36A-D717-44D9-9786-2EBAB6EF26CB}.Release|Any CPU.Build.0 = Release|Any CPU
	EndGlobalSection
	GlobalSection(SolutionProperties) = preSolution
		HideSolutionNode = FALSE
	EndGlobalSection
EndGlobal
